
Microsoft Visual Studio Solution File, Format Version 12.00
# Visual Studio Version 16
VisualStudioVersion = 16.0.31005.135
MinimumVisualStudioVersion = 10.0.40219.1
Project("{FAE04EC0-301F-11D3-BF4B-00C04F79EFBC}") = "CatsAndDogsOop", "CatsAndDogsOop\CatsAndDogsOop.csproj", "{45F32A1E-F25C-4190-8F7A-6CCFE4399EB2}"
EndProject
Global
	GlobalSection(SolutionConfigurationPlatforms) = preSolution
		Debug|Any CPU = Debug|Any CPU
		Release|Any CPU = Release|Any CPU
	EndGlobalSection
	GlobalSection(ProjectConfigurationPlatforms) = postSolution
		{45F32A1E-F25C-4190-8F7A-6CCFE4399EB2}.Debug|Any CPU.ActiveCfg = Debug|Any CPU
		{45F32A1E-F25C-4190-8F7A-6CCFE4399EB2}.Debug|Any CPU.Build.0 = Debug|Any CPU
		{45F32A1E-F25C-4190-8F7A-6CCFE4399EB2}.Release|Any CPU.ActiveCfg = Release|Any CPU
		{45F32A1E-F25C-4190-8F7A-6CCFE4399EB2}.Release|Any CPU.Build.0 = Release|Any CPU
	EndGlobalSection
	GlobalSection(SolutionProperties) = preSolution
		HideSolutionNode = FALSE
	EndGlobalSection
	GlobalSection(ExtensibilityGlobals) = postSolution
		SolutionGuid = {B284A29E-6E15-4A52-8B78-DB8CB770A1B0}
	EndGlobalSection
EndGlobal
